
Microsoft Visual Studio Solution File, Format Version 12.00
# Visual Studio Version 17
VisualStudioVersion = 17.0.31815.197
MinimumVisualStudioVersion = 10.0.40219.1
Project("{8BC9CEB8-8B4A-11D0-8D11-00A0C91BC942}") = "service-base", "service-base.vcxproj", "{8D315DE1-90D2-47EF-9652-95FBDB6DB26F}"
EndProject
Global
	GlobalSection(SolutionConfigurationPlatforms) = preSolution
		Debug|x64 = Debug|x64
		Debug|x86 = Debug|x86
		Release|x64 = Release|x64
		Release|x86 = Release|x86
	EndGlobalSection
	GlobalSection(ProjectConfigurationPlatforms) = postSolution
		{8D315DE1-90D2-47EF-9652-95FBDB6DB26F}.Debug|x64.ActiveCfg = Debug|x64
		{8D315DE1-90D2-47EF-9652-95FBDB6DB26F}.Debug|x64.Build.0 = Debug|x64
		{8D315DE1-90D2-47EF-9652-95FBDB6DB26F}.Debug|x86.ActiveCfg = Debug|Win32
		{8D315DE1-90D2-47EF-9652-95FBDB6DB26F}.Debug|x86.Build.0 = Debug|Win32
		{8D315DE1-90D2-47EF-9652-95FBDB6DB26F}.Release|x64.ActiveCfg = Release|x64
		{8D315DE1-90D2-47EF-9652-95FBDB6DB26F}.Release|x64.Build.0 = Release|x64
		{8D315DE1-90D2-47EF-9652-95FBDB6DB26F}.Release|x86.ActiveCfg = Release|Win32
		{8D315DE1-90D2-47EF-9652-95FBDB6DB26F}.Release|x86.Build.0 = Release|Win32
	EndGlobalSection
	GlobalSection(SolutionProperties) = preSolution
		HideSolutionNode = FALSE
	EndGlobalSection
	GlobalSection(ExtensibilityGlobals) = postSolution
		SolutionGuid = {D98DF2C4-8E34-475E-8656-6066BE5115C4}
	EndGlobalSection
EndGlobal
